# This file is generated by running "yarn install" inside your project.
# Manual changes might be lost - proceed with caution!

__metadata:
  version: 6
  cacheKey: 8

"@babel/code-frame@npm:^7.0.0":
  version: 7.12.13
  resolution: "@babel/code-frame@npm:7.12.13"
  dependencies:
    "@babel/highlight": ^7.12.13
  checksum: 471532bb7cb4a300bd1a3201e75e7c1b4f2a4d5e0a13d5dd0ab
  languageName: node
  linkType: hard

"@babel/highlight@npm:^7.12.13":
  version: 7.13.10
  resolution: "@babel/highlight@npm:7.13.10"
  checksum: 1f2f1e2a3
  languageName: node
  linkType: hard

"my-app@workspace:.":
  version: 0.0.0-use.local
  resolution: "my-app@workspace:."
  dependencies:
    "@babel/code-frame": ^7.0.0
  languageName: unknown
  linkType: soft
